
Microsoft Visual Studio Solution File, Format Version 12.00
# Visual Studio Version 16
VisualStudioVersion = 16.0.29102.190
MinimumVisualStudioVersion = 10.0.40219.1
Project("{FAE04EC0-301F-11D3-BF4B-00C04F79EFBC}") = "AdMe.Web", "AdMe.Web\AdMe.Web.csproj", "{349D110C-7A61-4D77-A4B1-1D751118C15D}"
EndProject
Project("{FAE04EC0-301F-11D3-BF4B-00C04F79EFBC}") = "AdMe.Model", "AdMe.Model\AdMe.Model.csproj", "{F16F3C73-E0DB-492E-BCA3-F46834513ED9}"
EndProject
Project("{FAE04EC0-301F-11D3-BF4B-00C04F79EFBC}") = "AdMe.DAL", "AdMe.DAL\AdMe.DAL.csproj", "{69D2949D-BFAE-43E4-8463-EE9A50C566E5}"
EndProject
Project("{FAE04EC0-301F-11D3-BF4B-00C04F79EFBC}") = "AdMe.Repository", "AdMe.Repository\AdMe.Repository.csproj", "{86F1D461-1D78-4E73-A9A1-43E4971A3F34}"
EndProject
Global
	GlobalSection(SolutionConfigurationPlatforms) = preSolution
		Debug|Any CPU = Debug|Any CPU
		Release|Any CPU = Release|Any CPU
	EndGlobalSection
	GlobalSection(ProjectConfigurationPlatforms) = postSolution
		{349D110C-7A61-4D77-A4B1-1D751118C15D}.Debug|Any CPU.ActiveCfg = Debug|Any CPU
		{349D110C-7A61-4D77-A4B1-1D751118C15D}.Debug|Any CPU.Build.0 = Debug|Any CPU
		{349D110C-7A61-4D77-A4B1-1D751118C15D}.Release|Any CPU.ActiveCfg = Release|Any CPU
		{349D110C-7A61-4D77-A4B1-1D751118C15D}.Release|Any CPU.Build.0 = Release|Any CPU
		{F16F3C73-E0DB-492E-BCA3-F46834513ED9}.Debug|Any CPU.ActiveCfg = Debug|Any CPU
		{F16F3C73-E0DB-492E-BCA3-F46834513ED9}.Debug|Any CPU.Build.0 = Debug|Any CPU
		{F16F3C73-E0DB-492E-BCA3-F46834513ED9}.Release|Any CPU.ActiveCfg = Release|Any CPU
		{F16F3C73-E0DB-492E-BCA3-F46834513ED9}.Release|Any CPU.Build.0 = Release|Any CPU
		{69D2949D-BFAE-43E4-8463-EE9A50C566E5}.Debug|Any CPU.ActiveCfg = Debug|Any CPU
		{69D2949D-BFAE-43E4-8463-EE9A50C566E5}.Debug|Any CPU.Build.0 = Debug|Any CPU
		{69D2949D-BFAE-43E4-8463-EE9A50C566E5}.Release|Any CPU.ActiveCfg = Release|Any CPU
		{69D2949D-BFAE-43E4-8463-EE9A50C566E5}.Release|Any CPU.Build.0 = Release|Any CPU
		{86F1D461-1D78-4E73-A9A1-43E4971A3F34}.Debug|Any CPU.ActiveCfg = Debug|Any CPU
		{86F1D461-1D78-4E73-A9A1-43E4971A3F34}.Debug|Any CPU.Build.0 = Debug|Any CPU
		{86F1D461-1D78-4E73-A9A1-43E4971A3F34}.Release|Any CPU.ActiveCfg = Release|Any CPU
		{86F1D461-1D78-4E73-A9A1-43E4971A3F34}.Release|Any CPU.Build.0 = Release|Any CPU
	EndGlobalSection
	GlobalSection(SolutionProperties) = preSolution
		HideSolutionNode = FALSE
	EndGlobalSection
	GlobalSection(ExtensibilityGlobals) = postSolution
		SolutionGuid = {F6862F33-2565-4C98-817F-E9390A7C1844}
	EndGlobalSection
EndGlobal
